<?xml version="1.0" encoding="UTF-8" standalone="yes" ?>
<CodeBlocks_project_file>
	<FileVersion major="1" minor="6" />
	<Project>
		<Option title="descartes" />
		<Option pch_mode="2" />
		<Option compiler="gcc" />
		<Build>
			<Target title="Debug">
				<Option output="bin/Debug/descartes" prefix_auto="1" extension_auto="1" />
				<Option working_dir="../../descartes" />
				<Option object_output="obj/Debug/" />
				<Option type="1" />
				<Option compiler="gcc" />
				<Compiler>
					<Add option="-g" />
					<Add directory="include" />
				</Compiler>
			</Target>
			<Target title="Release">
				<Option output="bin/Release/descartes" prefix_auto="1" extension_auto="1" />
				<Option object_output="obj/Release/" />
				<Option type="1" />
				<Option compiler="gcc" />
				<Compiler>
					<Add option="-O2" />
					<Add directory="include" />
				</Compiler>
				<Linker>
					<Add option="-s" />
				</Linker>
			</Target>
		</Build>
		<Compiler>
			<Add option="-Wall" />
		</Compiler>
		<Unit filename="../Id.h" />
		<Unit filename="../Makefile" />
		<Unit filename="../all" />
		<Unit filename="../becomes.cpp" />
		<Unit filename="../becomes.h" />
		<Unit filename="../descarte.cpp" />
		<Unit filename="../error.cpp" />
		<Unit filename="../error.h" />
		<Unit filename="../expr.cpp" />
		<Unit filename="../expr.h" />
		<Unit filename="../factor.cpp" />
		<Unit filename="../factor.h" />
		<Unit filename="../factorTail.cpp" />
		<Unit filename="../factorTail.h" />
		<Unit filename="../node.h" />
		<Unit filename="../number.h" />
		<Unit filename="../operator.cpp" />
		<Unit filename="../operator.h" />
		<Unit filename="../parseTree.cpp" />
		<Unit filename="../parseTree.h" />
		<Unit filename="../scanner.cpp" />
		<Unit filename="../scanner.h" />
		<Unit filename="../stmtnode.h" />
		<Unit filename="../term.cpp" />
		<Unit filename="../term.h" />
		<Unit filename="../termTail.cpp" />
		<Unit filename="../termTail.h" />
		<Unit filename="../tokens.h" />
		<Extensions>
			<code_completion />
			<debugger />
		</Extensions>
	</Project>
</CodeBlocks_project_file>
